// !$*UTF8*$!
{
	archiveVersion = 1;
	classes = {
	};
	objectVersion = 50;
	objects = {

/* Begin PBXBuildFile section */
		B1435C1C2712732A0011ADFC /* AppDelegate.swift in Sources */ = {isa = PBXBuildFile; fileRef = B1435C1B2712732A0011ADFC /* AppDelegate.swift */; };
		B1435C1E2712732A0011ADFC /* SceneDelegate.swift in Sources */ = {isa = PBXBuildFile; fileRef = B1435C1D2712732A0011ADFC /* SceneDelegate.swift */; };
		B1435C202712732A0011ADFC /* ViewController.swift in Sources */ = {isa = PBXBuildFile; fileRef = B1435C1F2712732A0011ADFC /* ViewController.swift */; };
		B1435C232712732A0011ADFC /* Main.storyboard in Resources */ = {isa = PBXBuildFile; fileRef = B1435C212712732A0011ADFC /* Main.storyboard */; };
		B1435C252712732C0011ADFC /* Assets.xcassets in Resources */ = {isa = PBXBuildFile; fileRef = B1435C242712732C0011ADFC /* Assets.xcassets */; };
		B1435C282712732C0011ADFC /* LaunchScreen.storyboard in Resources */ = {isa = PBXBuildFile; fileRef = B1435C262712732C0011ADFC /* LaunchScreen.storyboard */; };
		B1435C332712732D0011ADFC /* AmiGORedditTestTests.swift in Sources */ = {isa = PBXBuildFile; fileRef = B1435C322712732D0011ADFC /* AmiGORedditTestTests.swift */; };
/* End PBXBuildFile section */

/* Begin PBXContainerItemProxy section */
		B1435C2F2712732C0011ADFC /* PBXContainerItemProxy */ = {
			isa = PBXContainerItemProxy;
			containerPortal = B1435C102712732A0011ADFC /* Project object */;
			proxyType = 1;
			remoteGlobalIDString = B1435C172712732A0011ADFC;
			remoteInfo = AmiGORedditTest;
		};
/* End PBXContainerItemProxy section */

/* Begin PBXFileReference section */
		B1435C182712732A0011ADFC /* AmiGORedditTest.app */ = {isa = PBXFileReference; explicitFileType = wrapper.application; includeInIndex = 0; path = AmiGORedditTest.app; sourceTree = BUILT_PRODUCTS_DIR; };
		B1435C1B2712732A0011ADFC /* AppDelegate.swift */ = {isa = PBXFileReference; lastKnownFileType = sourcecode.swift; path = AppDelegate.swift; sourceTree = "<group>"; };
		B1435C1D2712732A0011ADFC /* SceneDelegate.swift */ = {isa = PBXFileReference; lastKnownFileType = sourcecode.swift; path = SceneDelegate.swift; sourceTree = "<group>"; };
		B1435C1F2712732A0011ADFC /* ViewController.swift */ = {isa = PBXFileReference; lastKnownFileType = sourcecode.swift; path = ViewController.swift; sourceTree = "<group>"; };
		B1435C222712732A0011ADFC /* Base */ = {isa = PBXFileReference; lastKnownFileType = file.storyboard; name = Base; path = Base.lproj/Main.storyboard; sourceTree = "<group>"; };
		B1435C242712732C0011ADFC /* Assets.xcassets */ = {isa = PBXFileReference; lastKnownFileType = folder.assetcatalog; path = Assets.xcassets; sourceTree = "<group>"; };
		B1435C272712732C0011ADFC /* Base */ = {isa = PBXFileReference; lastKnownFileType = file.storyboard; name = Base; path = Base.lproj/LaunchScreen.storyboard; sourceTree = "<group>"; };
		B1435C292712732C0011ADFC /* Info.plist */ = {isa = PBXFileReference; lastKnownFileType = text.plist.xml; path = Info.plist; sourceTree = "<group>"; };
		B1435C2E2712732C0011ADFC /* AmiGORedditTestTests.xctest */ = {isa = PBXFileReference; explicitFileType = wrapper.cfbundle; includeInIndex = 0; path = AmiGORedditTestTests.xctest; sourceTree = BUILT_PRODUCTS_DIR; };
		B1435C322712732D0011ADFC /* AmiGORedditTestTests.swift */ = {isa = PBXFileReference; lastKnownFileType = sourcecode.swift; path = AmiGORedditTestTests.swift; sourceTree = "<group>"; };
		B1435C342712732D0011ADFC /* Info.plist */ = {isa = PBXFileReference; lastKnownFileType = text.plist.xml; path = Info.plist; sourceTree = "<group>"; };
/* End PBXFileReference section */

/* Begin PBXFrameworksBuildPhase section */
		B1435C152712732A0011ADFC /* Frameworks */ = {
			isa = PBXFrameworksBuildPhase;
			buildActionMask = 2147483647;
			files = (
			);
			runOnlyForDeploymentPostprocessing = 0;
		};
		B1435C2B2712732C0011ADFC /* Frameworks */ = {
			isa = PBXFrameworksBuildPhase;
			buildActionMask = 2147483647;
			files = (
			);
			runOnlyForDeploymentPostprocessing = 0;
		};
/* End PBXFrameworksBuildPhase section */

/* Begin PBXGroup section */
		B1435C0F2712732A0011ADFC = {
			isa = PBXGroup;
			children = (
				B1435C1A2712732A0011ADFC /* AmiGORedditTest */,
				B1435C312712732D0011ADFC /* AmiGORedditTestTests */,
				B1435C192712732A0011ADFC /* Products */,
			);
			sourceTree = "<group>";
		};
		B1435C192712732A0011ADFC /* Products */ = {
			isa = PBXGroup;
			children = (
				B1435C182712732A0011ADFC /* AmiGORedditTest.app */,
				B1435C2E2712732C0011ADFC /* AmiGORedditTestTests.xctest */,
			);
			name = Products;
			sourceTree = "<group>";
		};
		B1435C1A2712732A0011ADFC /* AmiGORedditTest */ = {
			isa = PBXGroup;
			children = (
				B1435C52271276D90011ADFC /* Configuration */,
				B1435C53271276FD0011ADFC /* Network */,
				B1435C54271277840011ADFC /* Scenes */,
			);
			path = AmiGORedditTest;
			sourceTree = "<group>";
		};
		B1435C312712732D0011ADFC /* AmiGORedditTestTests */ = {
			isa = PBXGroup;
			children = (
				B1435C322712732D0011ADFC /* AmiGORedditTestTests.swift */,
				B1435C342712732D0011ADFC /* Info.plist */,
			);
			path = AmiGORedditTestTests;
			sourceTree = "<group>";
		};
		B1435C52271276D90011ADFC /* Configuration */ = {
			isa = PBXGroup;
			children = (
				B1435C262712732C0011ADFC /* LaunchScreen.storyboard */,
				B1435C292712732C0011ADFC /* Info.plist */,
				B1435C1B2712732A0011ADFC /* AppDelegate.swift */,
				B1435C1D2712732A0011ADFC /* SceneDelegate.swift */,
				B1435C242712732C0011ADFC /* Assets.xcassets */,
			);
			path = Configuration;
			sourceTree = "<group>";
		};
		B1435C53271276FD0011ADFC /* Network */ = {
			isa = PBXGroup;
			children = (
			);
			path = Network;
			sourceTree = "<group>";
		};
		B1435C54271277840011ADFC /* Scenes */ = {
			isa = PBXGroup;
			children = (
				B1435C55271278D60011ADFC /* RedditTopEntries */,
			);
			path = Scenes;
			sourceTree = "<group>";
		};
		B1435C55271278D60011ADFC /* RedditTopEntries */ = {
			isa = PBXGroup;
			children = (
				B1435C1F2712732A0011ADFC /* ViewController.swift */,
				B1435C212712732A0011ADFC /* Main.storyboard */,
			);
			path = RedditTopEntries;
			sourceTree = "<group>";
		};
/* End PBXGroup section */

/* Begin PBXNativeTarget section */
		B1435C172712732A0011ADFC /* AmiGORedditTest */ = {
			isa = PBXNativeTarget;
			buildConfigurationList = B1435C422712732D0011ADFC /* Build configuration list for PBXNativeTarget "AmiGORedditTest" */;
			buildPhases = (
				B1435C142712732A0011ADFC /* Sources */,
				B1435C152712732A0011ADFC /* Frameworks */,
				B1435C162712732A0011ADFC /* Resources */,
			);
			buildRules = (
			);
			dependencies = (
			);
			name = AmiGORedditTest;
			productName = AmiGORedditTest;
			productReference = B1435C182712732A0011ADFC /* AmiGORedditTest.app */;
			productType = "com.apple.product-type.application";
		};
		B1435C2D2712732C0011ADFC /* AmiGORedditTestTests */ = {
			isa = PBXNativeTarget;
			buildConfigurationList = B1435C452712732D0011ADFC /* Build configuration list for PBXNativeTarget "AmiGORedditTestTests" */;
			buildPhases = (
				B1435C2A2712732C0011ADFC /* Sources */,
				B1435C2B2712732C0011ADFC /* Frameworks */,
				B1435C2C2712732C0011ADFC /* Resources */,
			);
			buildRules = (
			);
			dependencies = (
				B1435C302712732C0011ADFC /* PBXTargetDependency */,
			);
			name = AmiGORedditTestTests;
			productName = AmiGORedditTestTests;
			productReference = B1435C2E2712732C0011ADFC /* AmiGORedditTestTests.xctest */;
			productType = "com.apple.product-type.bundle.unit-test";
		};
/* End PBXNativeTarget section */

/* Begin PBXProject section */
		B1435C102712732A0011ADFC /* Project object */ = {
			isa = PBXProject;
			attributes = {
				LastSwiftUpdateCheck = 1240;
				LastUpgradeCheck = 1240;
				TargetAttributes = {
					B1435C172712732A0011ADFC = {
						CreatedOnToolsVersion = 12.4;
					};
					B1435C2D2712732C0011ADFC = {
						CreatedOnToolsVersion = 12.4;
						TestTargetID = B1435C172712732A0011ADFC;
					};
				};
			};
			buildConfigurationList = B1435C132712732A0011ADFC /* Build configuration list for PBXProject "AmiGORedditTest" */;
			compatibilityVersion = "Xcode 9.3";
			developmentRegion = en;
			hasScannedForEncodings = 0;
			knownRegions = (
				en,
				Base,
			);
			mainGroup = B1435C0F2712732A0011ADFC;
			productRefGroup = B1435C192712732A0011ADFC /* Products */;
			projectDirPath = "";
			projectRoot = "";
			targets = (
				B1435C172712732A0011ADFC /* AmiGORedditTest */,
				B1435C2D2712732C0011ADFC /* AmiGORedditTestTests */,
			);
		};
/* End PBXProject section */

/* Begin PBXResourcesBuildPhase section */
		B1435C162712732A0011ADFC /* Resources */ = {
			isa = PBXResourcesBuildPhase;
			buildActionMask = 2147483647;
			files = (
				B1435C282712732C0011ADFC /* LaunchScreen.storyboard in Resources */,
				B1435C252712732C0011ADFC /* Assets.xcassets in Resources */,
				B1435C232712732A0011ADFC /* Main.storyboard in Resources */,
			);
			runOnlyForDeploymentPostprocessing = 0;
		};
		B1435C2C2712732C0011ADFC /* Resources */ = {
			isa = PBXResourcesBuildPhase;
			buildActionMask = 2147483647;
			files = (
			);
			runOnlyForDeploymentPostprocessing = 0;
		};
/* End PBXResourcesBuildPhase section */

/* Begin PBXSourcesBuildPhase section */
		B1435C142712732A0011ADFC /* Sources */ = {
			isa = PBXSourcesBuildPhase;
			buildActionMask = 2147483647;
			files = (
				B1435C202712732A0011ADFC /* ViewController.swift in Sources */,
				B1435C1C2712732A0011ADFC /* AppDelegate.swift in Sources */,
				B1435C1E2712732A0011ADFC /* SceneDelegate.swift in Sources */,
			);
			runOnlyForDeploymentPostprocessing = 0;
		};
		B1435C2A2712732C0011ADFC /* Sources */ = {
			isa = PBXSourcesBuildPhase;
			buildActionMask = 2147483647;
			files = (
				B1435C332712732D0011ADFC /* AmiGORedditTestTests.swift in Sources */,
			);
			runOnlyForDeploymentPostprocessing = 0;
		};
/* End PBXSourcesBuildPhase section */

/* Begin PBXTargetDependency section */
		B1435C302712732C0011ADFC /* PBXTargetDependency */ = {
			isa = PBXTargetDependency;
			target = B1435C172712732A0011ADFC /* AmiGORedditTest */;
			targetProxy = B1435C2F2712732C0011ADFC /* PBXContainerItemProxy */;
		};
/* End PBXTargetDependency section */

/* Begin PBXVariantGroup section */
		B1435C212712732A0011ADFC /* Main.storyboard */ = {
			isa = PBXVariantGroup;
			children = (
				B1435C222712732A0011ADFC /* Base */,
			);
			name = Main.storyboard;
			sourceTree = "<group>";
		};
		B1435C262712732C0011ADFC /* LaunchScreen.storyboard */ = {
			isa = PBXVariantGroup;
			children = (
				B1435C272712732C0011ADFC /* Base */,
			);
			name = LaunchScreen.storyboard;
			sourceTree = "<group>";
		};
/* End PBXVariantGroup section */

/* Begin XCBuildConfiguration section */
		B1435C402712732D0011ADFC /* Debug */ = {
			isa = XCBuildConfiguration;
			buildSettings = {
				ALWAYS_SEARCH_USER_PATHS = NO;
				CLANG_ANALYZER_NONNULL = YES;
				CLANG_ANALYZER_NUMBER_OBJECT_CONVERSION = YES_AGGRESSIVE;
				CLANG_CXX_LANGUAGE_STANDARD = "gnu++14";
				CLANG_CXX_LIBRARY = "libc++";
				CLANG_ENABLE_MODULES = YES;
				CLANG_ENABLE_OBJC_ARC = YES;
				CLANG_ENABLE_OBJC_WEAK = YES;
				CLANG_WARN_BLOCK_CAPTURE_AUTORELEASING = YES;
				CLANG_WARN_BOOL_CONVERSION = YES;
				CLANG_WARN_COMMA = YES;
				CLANG_WARN_CONSTANT_CONVERSION = YES;
				CLANG_WARN_DEPRECATED_OBJC_IMPLEMENTATIONS = YES;
				CLANG_WARN_DIRECT_OBJC_ISA_USAGE = YES_ERROR;
				CLANG_WARN_DOCUMENTATION_COMMENTS = YES;
				CLANG_WARN_EMPTY_BODY = YES;
				CLANG_WARN_ENUM_CONVERSION = YES;
				CLANG_WARN_INFINITE_RECURSION = YES;
				CLANG_WARN_INT_CONVERSION = YES;
				CLANG_WARN_NON_LITERAL_NULL_CONVERSION = YES;
				CLANG_WARN_OBJC_IMPLICIT_RETAIN_SELF = YES;
				CLANG_WARN_OBJC_LITERAL_CONVERSION = YES;
				CLANG_WARN_OBJC_ROOT_CLASS = YES_ERROR;
				CLANG_WARN_QUOTED_INCLUDE_IN_FRAMEWORK_HEADER = YES;
				CLANG_WARN_RANGE_LOOP_ANALYSIS = YES;
				CLANG_WARN_STRICT_PROTOTYPES = YES;
				CLANG_WARN_SUSPICIOUS_MOVE = YES;
				CLANG_WARN_UNGUARDED_AVAILABILITY = YES_AGGRESSIVE;
				CLANG_WARN_UNREACHABLE_CODE = YES;
				CLANG_WARN__DUPLICATE_METHOD_MATCH = YES;
				COPY_PHASE_STRIP = NO;
				DEBUG_INFORMATION_FORMAT = dwarf;
				ENABLE_STRICT_OBJC_MSGSEND = YES;
				ENABLE_TESTABILITY = YES;
				GCC_C_LANGUAGE_STANDARD = gnu11;
				GCC_DYNAMIC_NO_PIC = NO;
				GCC_NO_COMMON_BLOCKS = YES;
				GCC_OPTIMIZATION_LEVEL = 0;
				GCC_PREPROCESSOR_DEFINITIONS = (
					"DEBUG=1",
					"$(inherited)",
				);
				GCC_WARN_64_TO_32_BIT_CONVERSION = YES;
				GCC_WARN_ABOUT_RETURN_TYPE = YES_ERROR;
				GCC_WARN_UNDECLARED_SELECTOR = YES;
				GCC_WARN_UNINITIALIZED_AUTOS = YES_AGGRESSIVE;
				GCC_WARN_UNUSED_FUNCTION = YES;
				GCC_WARN_UNUSED_VARIABLE = YES;
				IPHONEOS_DEPLOYMENT_TARGET = 14.4;
				MTL_ENABLE_DEBUG_INFO = INCLUDE_SOURCE;
				MTL_FAST_MATH = YES;
				ONLY_ACTIVE_ARCH = YES;
				SDKROOT = iphoneos;
				SWIFT_ACTIVE_COMPILATION_CONDITIONS = DEBUG;
				SWIFT_OPTIMIZATION_LEVEL = "-Onone";
			};
			name = Debug;
		};
		B1435C412712732D0011ADFC /* Release */ = {
			isa = XCBuildConfiguration;
			buildSettings = {
				ALWAYS_SEARCH_USER_PATHS = NO;
				CLANG_ANALYZER_NONNULL = YES;
				CLANG_ANALYZER_NUMBER_OBJECT_CONVERSION = YES_AGGRESSIVE;
				CLANG_CXX_LANGUAGE_STANDARD = "gnu++14";
				CLANG_CXX_LIBRARY = "libc++";
				CLANG_ENABLE_MODULES = YES;
				CLANG_ENABLE_OBJC_ARC = YES;
				CLANG_ENABLE_OBJC_WEAK = YES;
				CLANG_WARN_BLOCK_CAPTURE_AUTORELEASING = YES;
				CLANG_WARN_BOOL_CONVERSION = YES;
				CLANG_WARN_COMMA = YES;
				CLANG_WARN_CONSTANT_CONVERSION = YES;
				CLANG_WARN_DEPRECATED_OBJC_IMPLEMENTATIONS = YES;
				CLANG_WARN_DIRECT_OBJC_ISA_USAGE = YES_ERROR;
				CLANG_WARN_DOCUMENTATION_COMMENTS = YES;
				CLANG_WARN_EMPTY_BODY = YES;
				CLANG_WARN_ENUM_CONVERSION = YES;
				CLANG_WARN_INFINITE_RECURSION = YES;
				CLANG_WARN_INT_CONVERSION = YES;
				CLANG_WARN_NON_LITERAL_NULL_CONVERSION = YES;
				CLANG_WARN_OBJC_IMPLICIT_RETAIN_SELF = YES;
				CLANG_WARN_OBJC_LITERAL_CONVERSION = YES;
				CLANG_WARN_OBJC_ROOT_CLASS = YES_ERROR;
				CLANG_WARN_QUOTED_INCLUDE_IN_FRAMEWORK_HEADER = YES;
				CLANG_WARN_RANGE_LOOP_ANALYSIS = YES;
				CLANG_WARN_STRICT_PROTOTYPES = YES;
				CLANG_WARN_SUSPICIOUS_MOVE = YES;
				CLANG_WARN_UNGUARDED_AVAILABILITY = YES_AGGRESSIVE;
				CLANG_WARN_UNREACHABLE_CODE = YES;
				CLANG_WARN__DUPLICATE_METHOD_MATCH = YES;
				COPY_PHASE_STRIP = NO;
				DEBUG_INFORMATION_FORMAT = "dwarf-with-dsym";
				ENABLE_NS_ASSERTIONS = NO;
				ENABLE_STRICT_OBJC_MSGSEND = YES;
				GCC_C_LANGUAGE_STANDARD = gnu11;
				GCC_NO_COMMON_BLOCKS = YES;
				GCC_WARN_64_TO_32_BIT_CONVERSION = YES;
				GCC_WARN_ABOUT_RETURN_TYPE = YES_ERROR;
				GCC_WARN_UNDECLARED_SELECTOR = YES;
				GCC_WARN_UNINITIALIZED_AUTOS = YES_AGGRESSIVE;
				GCC_WARN_UNUSED_FUNCTION = YES;
				GCC_WARN_UNUSED_VARIABLE = YES;
				IPHONEOS_DEPLOYMENT_TARGET = 14.4;
				MTL_ENABLE_DEBUG_INFO = NO;
				MTL_FAST_MATH = YES;
				SDKROOT = iphoneos;
				SWIFT_COMPILATION_MODE = wholemodule;
				SWIFT_OPTIMIZATION_LEVEL = "-O";
				VALIDATE_PRODUCT = YES;
			};
			name = Release;
		};
		B1435C432712732D0011ADFC /* Debug */ = {
			isa = XCBuildConfiguration;
			buildSettings = {
				ASSETCATALOG_COMPILER_APPICON_NAME = AppIcon;
				ASSETCATALOG_COMPILER_GLOBAL_ACCENT_COLOR_NAME = AccentColor;
				CODE_SIGN_STYLE = Automatic;
				INFOPLIST_FILE = AmiGORedditTest/Info.plist;
				LD_RUNPATH_SEARCH_PATHS = (
					"$(inherited)",
					"@executable_path/Frameworks",
				);
				PRODUCT_BUNDLE_IDENTIFIER = boninirafael.AmiGO.AmiGORedditTest;
				PRODUCT_NAME = "$(TARGET_NAME)";
				SWIFT_VERSION = 5.0;
				TARGETED_DEVICE_FAMILY = "1,2";
			};
			name = Debug;
		};
		B1435C442712732D0011ADFC /* Release */ = {
			isa = XCBuildConfiguration;
			buildSettings = {
				ASSETCATALOG_COMPILER_APPICON_NAME = AppIcon;
				ASSETCATALOG_COMPILER_GLOBAL_ACCENT_COLOR_NAME = AccentColor;
				CODE_SIGN_STYLE = Automatic;
				INFOPLIST_FILE = AmiGORedditTest/Info.plist;
				LD_RUNPATH_SEARCH_PATHS = (
					"$(inherited)",
					"@executable_path/Frameworks",
				);
				PRODUCT_BUNDLE_IDENTIFIER = boninirafael.AmiGO.AmiGORedditTest;
				PRODUCT_NAME = "$(TARGET_NAME)";
				SWIFT_VERSION = 5.0;
				TARGETED_DEVICE_FAMILY = "1,2";
			};
			name = Release;
		};
		B1435C462712732D0011ADFC /* Debug */ = {
			isa = XCBuildConfiguration;
			buildSettings = {
				ALWAYS_EMBED_SWIFT_STANDARD_LIBRARIES = YES;
				BUNDLE_LOADER = "$(TEST_HOST)";
				CODE_SIGN_STYLE = Automatic;
				INFOPLIST_FILE = AmiGORedditTestTests/Info.plist;
				IPHONEOS_DEPLOYMENT_TARGET = 14.4;
				LD_RUNPATH_SEARCH_PATHS = (
					"$(inherited)",
					"@executable_path/Frameworks",
					"@loader_path/Frameworks",
				);
				PRODUCT_BUNDLE_IDENTIFIER = boninirafael.AmiGO.AmiGORedditTestTests;
				PRODUCT_NAME = "$(TARGET_NAME)";
				SWIFT_VERSION = 5.0;
				TARGETED_DEVICE_FAMILY = "1,2";
				TEST_HOST = "$(BUILT_PRODUCTS_DIR)/AmiGORedditTest.app/AmiGORedditTest";
			};
			name = Debug;
		};
		B1435C472712732D0011ADFC /* Release */ = {
			isa = XCBuildConfiguration;
			buildSettings = {
				ALWAYS_EMBED_SWIFT_STANDARD_LIBRARIES = YES;
				BUNDLE_LOADER = "$(TEST_HOST)";
				CODE_SIGN_STYLE = Automatic;
				INFOPLIST_FILE = AmiGORedditTestTests/Info.plist;
				IPHONEOS_DEPLOYMENT_TARGET = 14.4;
				LD_RUNPATH_SEARCH_PATHS = (
					"$(inherited)",
					"@executable_path/Frameworks",
					"@loader_path/Frameworks",
				);
				PRODUCT_BUNDLE_IDENTIFIER = boninirafael.AmiGO.AmiGORedditTestTests;
				PRODUCT_NAME = "$(TARGET_NAME)";
				SWIFT_VERSION = 5.0;
				TARGETED_DEVICE_FAMILY = "1,2";
				TEST_HOST = "$(BUILT_PRODUCTS_DIR)/AmiGORedditTest.app/AmiGORedditTest";
			};
			name = Release;
		};
/* End XCBuildConfiguration section */

/* Begin XCConfigurationList section */
		B1435C132712732A0011ADFC /* Build configuration list for PBXProject "AmiGORedditTest" */ = {
			isa = XCConfigurationList;
			buildConfigurations = (
				B1435C402712732D0011ADFC /* Debug */,
				B1435C412712732D0011ADFC /* Release */,
			);
			defaultConfigurationIsVisible = 0;
			defaultConfigurationName = Release;
		};
		B1435C422712732D0011ADFC /* Build configuration list for PBXNativeTarget "AmiGORedditTest" */ = {
			isa = XCConfigurationList;
			buildConfigurations = (
				B1435C432712732D0011ADFC /* Debug */,
				B1435C442712732D0011ADFC /* Release */,
			);
			defaultConfigurationIsVisible = 0;
			defaultConfigurationName = Release;
		};
		B1435C452712732D0011ADFC /* Build configuration list for PBXNativeTarget "AmiGORedditTestTests" */ = {
			isa = XCConfigurationList;
			buildConfigurations = (
				B1435C462712732D0011ADFC /* Debug */,
				B1435C472712732D0011ADFC /* Release */,
			);
			defaultConfigurationIsVisible = 0;
			defaultConfigurationName = Release;
		};
/* End XCConfigurationList section */
	};
	rootObject = B1435C102712732A0011ADFC /* Project object */;
}
